{
  "version": "5",
  "specifiers": {
    "jsr:@std/assert@0.224": "0.224.0",
    "jsr:@std/fmt@0.224": "0.224.0",
    "jsr:@std/internal@0.224": "0.224.0",
    "jsr:@std/path@0.224": "0.224.0",
    "jsr:@zanix/space@0.3": "0.3.0",
    "jsr:@zanix/utils@^4.1.0": "4.1.0",
    "npm:@formatjs/icu-messageformat-parser@^3.5.17": "3.5.17",
    "npm:@formatjs/intl@^4.1.19": "4.1.20",
    "npm:@types/react-dom@^19.2.0": "19.2.5_@types+react@19.2.18",
    "npm:@types/react@^19.2.0": "19.2.18",
    "npm:happy-dom@^20.11.2": "20.12.0",
    "npm:markdown-to-jsx@^9.10.2": "9.10.2_react@19.2.8",
    "npm:preact-render-to-string@^6.5.0": "6.7.0_preact@10.29.8",
    "npm:preact@^10.29.0": "10.29.8_preact-render-to-string@6.7.0",
    "npm:react-dom@^19.2.0": "19.2.8_react@19.2.8",
    "npm:react@^19.2.0": "19.2.8",
    "npm:schema-dts@^1.1.5": "1.1.5"
  },
  "jsr": {
    "@std/assert@0.224.0": {
      "integrity": "8643233ec7aec38a940a8264a6e3eed9bfa44e7a71cc6b3c8874213ff401967f",
      "dependencies": [
        "jsr:@std/fmt",
        "jsr:@std/internal"
      ]
    },
    "@std/fmt@0.224.0": {
      "integrity": "e20e9a2312a8b5393272c26191c0a68eda8d2c4b08b046bad1673148f1d69851"
    },
    "@std/internal@0.224.0": {
      "integrity": "afc50644f9cdf4495eeb80523a8f6d27226b4b36c45c7c195dfccad4b8509291",
      "dependencies": [
        "jsr:@std/fmt"
      ]
    },
    "@std/path@0.224.0": {
      "integrity": "55bca6361e5a6d158b9380e82d4981d82d338ec587de02951e2b7c3a24910ee6",
      "dependencies": [
        "jsr:@std/assert"
      ]
    },
    "@zanix/space@0.3.0": {
      "integrity": "ca32d33613e0024d34a1d74e11fceb450028340cb433749f67999025cdd28050",
      "dependencies": [
        "jsr:@zanix/utils"
      ]
    },
    "@zanix/utils@4.1.0": {
      "integrity": "3b223433ddbfac0a33edf1a985092f5ea947ccaed0142f016495bec4e42dce9b",
      "dependencies": [
        "jsr:@std/fmt",
        "jsr:@std/path"
      ]
    }
  },
  "npm": {
    "@formatjs/fast-memoize@3.1.7": {
      "integrity": "sha512-zXfhLpvA6T7+efdt9JLbBwZ00tT7NsBMDVnDu8rpHeNNv8KfRZAMo2gkG0k9lK/Nzc//3kJ9pImsfuJxk3KhUA=="
    },
    "@formatjs/icu-messageformat-parser@3.5.17": {
      "integrity": "sha512-cN9jhVqT7u0K9tix43fhjoUwL0nazyW6zsNIXs2QdPADr+nurPfYyssUiMqcSCGlPcCiqnYVxgSn7zBSuI+5Bg==",
      "dependencies": [
        "@formatjs/icu-skeleton-parser"
      ]
    },
    "@formatjs/icu-skeleton-parser@2.1.11": {
      "integrity": "sha512-j8cUmOJzVgkHuS0QiQ6ga76UIoLOFSAMWhs7aZJztH3aAdCOAE6vpC8KVvFB4cU10ON0y2/5oOVmPJ43s2lTwA=="
    },
    "@formatjs/intl@4.1.20": {
      "integrity": "sha512-q3gaFvc1mXrl0fcSY2QKSS+WzJxpbIXs48O+QLA3UsRtIwVhazvxtLrLGKEse5Mq4U8hAYyTB6Y9buU2ZRFz/w==",
      "dependencies": [
        "@formatjs/fast-memoize",
        "@formatjs/icu-messageformat-parser",
        "intl-messageformat"
      ]
    },
    "@types/node@26.4.0": {
      "integrity": "sha512-faiGnoIrLH/V8cibOMEAZ8pMw6oXqSukl29ra4mN8GdaB2ZewzeaLj+INpV5N+Z1eKWzY+IzaIZH2EIR6YZRNQ==",
      "dependencies": [
        "undici-types"
      ]
    },
    "@types/react-dom@19.2.5_@types+react@19.2.18": {
      "integrity": "sha512-fMPwH9v7r/pp43yUd2/Mbiex5KouJwwR3dzHkhLREUC6764VyDsqxhAxv6OFEYR1RhjOyD1naqba8ECDBe7ZQg==",
      "dependencies": [
        "@types/react"
      ]
    },
    "@types/react@19.2.18": {
      "integrity": "sha512-AnzbBERsrLKtk2XSfTbYRLjQPdy116Sty4q+T+Bp3IC4l6jNBvreVPAHmpq9qhXQM7CXZPjLVmGMw9sy+hxQ3w==",
      "dependencies": [
        "csstype"
      ]
    },
    "@types/whatwg-mimetype@3.0.2": {
      "integrity": "sha512-c2AKvDT8ToxLIOUlN51gTiHXflsfIFisS4pO7pDPoKouJCESkhZnEy623gwP9laCy5lnLDAw1vAzu2vM2YLOrA=="
    },
    "@types/ws@8.18.1": {
      "integrity": "sha512-ThVF6DCVhA8kUGy+aazFQ4kXQ7E1Ty7A3ypFOe0IcJV8O/M511G99AW24irKrW56Wt44yG9+ij8FaqoBGkuBXg==",
      "dependencies": [
        "@types/node"
      ]
    },
    "buffer-image-size@0.6.4": {
      "integrity": "sha512-nEh+kZOPY1w+gcCMobZ6ETUp9WfibndnosbpwB1iJk/8Gt5ZF2bhS6+B6bPYz424KtwsR6Rflc3tCz1/ghX2dQ==",
      "dependencies": [
        "@types/node"
      ]
    },
    "csstype@3.2.3": {
      "integrity": "sha512-z1HGKcYy2xA8AGQfwrn0PAy+PB7X/GSj3UVJW9qKyn43xWa+gl5nXmU4qqLMRzWVLFC8KusUX8T/0kCiOYpAIQ=="
    },
    "entities@7.0.1": {
      "integrity": "sha512-TWrgLOFUQTH994YUyl1yT4uyavY5nNB5muff+RtWaqNVCAK408b5ZnnbNAUEWLTCpum9w6arT70i1XdQ4UeOPA=="
    },
    "happy-dom@20.12.0": {
      "integrity": "sha512-7uMYJu2SEwwL8vVcKp0C0lnt6d2LSGGe+T+oY79PiCJNNSgFpbxW8n5KuzpDQvrU4mt+fYiK1+Jy7Z2v39YR6g==",
      "dependencies": [
        "@types/node",
        "@types/whatwg-mimetype",
        "@types/ws",
        "buffer-image-size",
        "entities",
        "whatwg-mimetype",
        "ws"
      ]
    },
    "intl-messageformat@11.2.14": {
      "integrity": "sha512-9f2VD1HFuxUvMw0RxsaP8WmMns6JRTnsNB/zghTFrp11ZktiXWwVDeZBPQchBKEmo+Gx/ZhxI7Qht7YglFD4PA==",
      "dependencies": [
        "@formatjs/fast-memoize",
        "@formatjs/icu-messageformat-parser"
      ]
    },
    "markdown-to-jsx@9.10.2_react@19.2.8": {
      "integrity": "sha512-iR9GadlIox0q1uXnpqdxpF02Vb1WDmZ/QIXWjBR5htzjUEEhyIWbM65LuVKavdwJaVo4q95C/F2OOyNjWe91ig==",
      "dependencies": [
        "react"
      ],
      "optionalPeers": [
        "react"
      ]
    },
    "preact-render-to-string@6.7.0_preact@10.29.8": {
      "integrity": "sha512-Z4WR8fmLMRpdYqJ9i7vrlXSsSrxVJydwrkEXHapexfARbWfGb7vGcnvNQnIzN0cXciMVOlz/XLoiMCi9gUsy9Q==",
      "dependencies": [
        "preact"
      ]
    },
    "preact@10.29.8_preact-render-to-string@6.7.0": {
      "integrity": "sha512-ej2aVZ+vZ8WO7tvlQWRM9N63A0KzF9q4mWJfDUHgYaIofWY9hu74QdnQrjoPMmZi2/nZ5gN0bJCQF49xQqx09Q==",
      "dependencies": [
        "preact-render-to-string"
      ],
      "optionalPeers": [
        "preact-render-to-string"
      ]
    },
    "react-dom@19.2.8_react@19.2.8": {
      "integrity": "sha512-rVprimfGBG3DR+Tq0IQG2DT5PxKth1WIGDmj5yPmlzr4YBe7uyE+Du4oVqTDXZSHGGGXRtTJEGSSePyQCMBglQ==",
      "dependencies": [
        "react",
        "scheduler"
      ]
    },
    "react@19.2.8": {
      "integrity": "sha512-PWaYA1L/q9u2u7xYQi+Y3L3Yfnie7XyLeaJICV1MGD6LprsBxcAqGjYyr0eY3p+QdsA+x/Irkt4Qif8D63+Sbw=="
    },
    "scheduler@0.27.0": {
      "integrity": "sha512-eNv+WrVbKu1f3vbYJT/xtiF5syA5HPIMtf9IgY/nKg0sWqzAUEvqY/xm7OcZc/qafLx/iO9FgOmeSAp4v5ti/Q=="
    },
    "schema-dts@1.1.5": {
      "integrity": "sha512-RJr9EaCmsLzBX2NDiO5Z3ux2BVosNZN5jo0gWgsyKvxKIUL5R3swNvoorulAeL9kLB0iTSX7V6aokhla2m7xbg=="
    },
    "undici-types@8.3.0": {
      "integrity": "sha512-j375ScV60dom+YkPFIfTLcOiPxkN/buHz5GobjLhixFuANaNs3C9l4GmrWqejgXWJ7BbJcFYpTEUkS1Ge8bpZQ=="
    },
    "whatwg-mimetype@3.0.0": {
      "integrity": "sha512-nt+N2dzIutVRxARx1nghPKGv1xHikU7HKdfafKkLNLindmPU/ch3U31NOCGGA/dmPcmb1VlofO0vnKAcsm0o/Q=="
    },
    "ws@8.21.3": {
      "integrity": "sha512-201TZ/kPWxoPr/OKWjquZR1SWKXcvxdH+e1xrx89b3YbmzLMFCLfnaG1HFIgWzJOEWZ7MvpK++odZufgYR50Rw=="
    }
  },
  "workspace": {
    "dependencies": [
      "jsr:@std/assert@0.224",
      "jsr:@std/fmt@0.224",
      "jsr:@std/path@0.224",
      "jsr:@zanix/space@0.3",
      "jsr:@zanix/utils@^4.1.0",
      "npm:@formatjs/icu-messageformat-parser@^3.5.17",
      "npm:@formatjs/intl@^4.1.19",
      "npm:@types/react-dom@^19.2.0",
      "npm:@types/react@^19.2.0",
      "npm:happy-dom@^20.11.2",
      "npm:markdown-to-jsx@^9.10.2",
      "npm:preact-render-to-string@^6.5.0",
      "npm:preact@^10.29.0",
      "npm:react-dom@^19.2.0",
      "npm:react@^19.2.0",
      "npm:schema-dts@^1.1.5"
    ]
  }
}
