{
  "version": "5",
  "specifiers": {
    "jsr:@std/assert@0.224": "0.224.0",
    "jsr:@std/async@^1.0.0-rc.1": "1.5.0",
    "jsr:@std/cli@~0.224.7": "0.224.7",
    "jsr:@std/crypto@^1.1.0": "1.1.0",
    "jsr:@std/encoding@1.0.0-rc.2": "1.0.0-rc.2",
    "jsr:@std/fmt@0.224": "0.224.0",
    "jsr:@std/fmt@~0.225.4": "0.225.6",
    "jsr:@std/http@0.224": "0.224.5",
    "jsr:@std/internal@0.224": "0.224.0",
    "jsr:@std/media-types@^1.0.0-rc.1": "1.1.0",
    "jsr:@std/net@~0.224.3": "0.224.5",
    "jsr:@std/path@0.224": "0.224.0",
    "jsr:@std/path@1.0.0-rc.2": "1.0.0-rc.2",
    "jsr:@std/streams@~0.224.5": "0.224.5",
    "jsr:@zanix/server@^4.1.0": "4.2.3",
    "jsr:@zanix/space@1": "1.7.0",
    "jsr:@zanix/utils@^4.1.0": "4.4.0",
    "jsr:@zanix/utils@^4.4.0": "4.4.0",
    "npm:@formatjs/icu-messageformat-parser@^3.5.17": "3.5.17",
    "npm:@formatjs/intl@^4.1.19": "4.1.20",
    "npm:@types/react-dom@^19.2.0": "19.2.7_@types+react@19.2.18",
    "npm:@types/react@^19.2.0": "19.2.18",
    "npm:happy-dom@^20.11.2": "20.14.0",
    "npm:markdown-to-jsx@^9.10.2": "9.10.2_react@19.2.8",
    "npm:preact-render-to-string@^6.5.0": "6.7.0_preact@10.29.8",
    "npm:preact@^10.29.0": "10.29.8_preact-render-to-string@6.7.0",
    "npm:react-dom@^19.2.0": "19.2.8_react@19.2.8",
    "npm:react@^19.2.0": "19.2.8",
    "npm:schema-dts@^1.1.5": "1.1.5"
  },
  "jsr": {
    "@std/assert@0.224.0": {
      "integrity": "8643233ec7aec38a940a8264a6e3eed9bfa44e7a71cc6b3c8874213ff401967f",
      "dependencies": [
        "jsr:@std/fmt@0.224",
        "jsr:@std/internal"
      ]
    },
    "@std/async@1.5.0": {
      "integrity": "4c1f22d287a17ad7d8643b1952bc5a4d21e5d8b68dc8c20d8268eecc69096e82"
    },
    "@std/cli@0.224.7": {
      "integrity": "654ca6477518e5e3a0d3fabafb2789e92b8c0febf1a1d24ba4b567aba94b5977"
    },
    "@std/crypto@1.1.0": {
      "integrity": "b8d6d0a6377a32b213af2661ed7bf1062d94feac0c57def5526a8e74a95c3ec8"
    },
    "@std/encoding@1.0.0-rc.2": {
      "integrity": "160d7674a20ebfbccdf610b3801fee91cf6e42d1c106dd46bbaf46e395cd35ef"
    },
    "@std/fmt@0.224.0": {
      "integrity": "e20e9a2312a8b5393272c26191c0a68eda8d2c4b08b046bad1673148f1d69851"
    },
    "@std/fmt@0.225.6": {
      "integrity": "aba6aea27f66813cecfd9484e074a9e9845782ab0685c030e453a8a70b37afc8"
    },
    "@std/http@0.224.5": {
      "integrity": "b03b5d1529f6c423badfb82f6640f9f2557b4034cd7c30655ba5bb447ff750a4",
      "dependencies": [
        "jsr:@std/async",
        "jsr:@std/cli",
        "jsr:@std/encoding",
        "jsr:@std/fmt@~0.225.4",
        "jsr:@std/media-types",
        "jsr:@std/net",
        "jsr:@std/path@1.0.0-rc.2",
        "jsr:@std/streams"
      ]
    },
    "@std/internal@0.224.0": {
      "integrity": "afc50644f9cdf4495eeb80523a8f6d27226b4b36c45c7c195dfccad4b8509291",
      "dependencies": [
        "jsr:@std/fmt@0.224"
      ]
    },
    "@std/media-types@1.1.0": {
      "integrity": "c9d093f0c05c3512932b330e3cc1fe1d627b301db33a4c2c2185c02471d6eaa4"
    },
    "@std/net@0.224.5": {
      "integrity": "9c2ae90a5c3dc7771da5ae5e13b6f7d5d0b316c1954c5d53f2bfc1129fb757ff"
    },
    "@std/path@0.224.0": {
      "integrity": "55bca6361e5a6d158b9380e82d4981d82d338ec587de02951e2b7c3a24910ee6",
      "dependencies": [
        "jsr:@std/assert"
      ]
    },
    "@std/path@1.0.0-rc.2": {
      "integrity": "39f20d37a44d1867abac8d91c169359ea6e942237a45a99ee1e091b32b921c7d"
    },
    "@std/streams@0.224.5": {
      "integrity": "bcde7818dd5460d474cdbd674b15f6638b9cd73cd64e52bd852fba2bd4d8ec91"
    },
    "@zanix/server@4.2.3": {
      "integrity": "475a3b19e2bd349900948b36b41ae11d5d23506a9a588f1d5b5d768567d35fc8",
      "dependencies": [
        "jsr:@std/http",
        "jsr:@std/path@0.224",
        "jsr:@zanix/utils@^4.1.0"
      ]
    },
    "@zanix/space@1.7.0": {
      "integrity": "4039f7dd8a58a2d8ab6f52ebe373d3bc369eba570abad727172bff9bdf329e98",
      "dependencies": [
        "jsr:@std/path@0.224",
        "jsr:@zanix/server",
        "jsr:@zanix/utils@^4.1.0",
        "npm:@types/react",
        "npm:@types/react-dom",
        "npm:preact",
        "npm:react",
        "npm:react-dom"
      ]
    },
    "@zanix/utils@4.4.0": {
      "integrity": "759615e2b3e91c3e51696cf9cebd3f056d6e238372024860651b3672e817e339",
      "dependencies": [
        "jsr:@std/crypto",
        "jsr:@std/fmt@0.224",
        "jsr:@std/path@0.224"
      ]
    }
  },
  "npm": {
    "@formatjs/fast-memoize@3.1.7": {
      "integrity": "sha512-zXfhLpvA6T7+efdt9JLbBwZ00tT7NsBMDVnDu8rpHeNNv8KfRZAMo2gkG0k9lK/Nzc//3kJ9pImsfuJxk3KhUA=="
    },
    "@formatjs/icu-messageformat-parser@3.5.17": {
      "integrity": "sha512-cN9jhVqT7u0K9tix43fhjoUwL0nazyW6zsNIXs2QdPADr+nurPfYyssUiMqcSCGlPcCiqnYVxgSn7zBSuI+5Bg==",
      "dependencies": [
        "@formatjs/icu-skeleton-parser"
      ]
    },
    "@formatjs/icu-skeleton-parser@2.1.11": {
      "integrity": "sha512-j8cUmOJzVgkHuS0QiQ6ga76UIoLOFSAMWhs7aZJztH3aAdCOAE6vpC8KVvFB4cU10ON0y2/5oOVmPJ43s2lTwA=="
    },
    "@formatjs/intl@4.1.20": {
      "integrity": "sha512-q3gaFvc1mXrl0fcSY2QKSS+WzJxpbIXs48O+QLA3UsRtIwVhazvxtLrLGKEse5Mq4U8hAYyTB6Y9buU2ZRFz/w==",
      "dependencies": [
        "@formatjs/fast-memoize",
        "@formatjs/icu-messageformat-parser",
        "intl-messageformat"
      ]
    },
    "@types/node@26.4.1": {
      "integrity": "sha512-k97ENvZWtvA6yqz5/FS6a7duDgOPEeOQOc2iKS/nY6mX6qJUKtLnWzQS+Xj6tXweyj6ZcTAK2Qecetnvi9nCLA==",
      "dependencies": [
        "undici-types"
      ]
    },
    "@types/react-dom@19.2.7_@types+react@19.2.18": {
      "integrity": "sha512-I8bPpDLcHBv1qiIiXDCy71Rt8eQDKJP0sMSWJphDdAcdqiJ1sGpZamavoEIRZmYzjia9LuEb2HlYdDpmoENpvQ==",
      "dependencies": [
        "@types/react"
      ]
    },
    "@types/react@19.2.18": {
      "integrity": "sha512-AnzbBERsrLKtk2XSfTbYRLjQPdy116Sty4q+T+Bp3IC4l6jNBvreVPAHmpq9qhXQM7CXZPjLVmGMw9sy+hxQ3w==",
      "dependencies": [
        "csstype"
      ]
    },
    "@types/whatwg-mimetype@3.0.2": {
      "integrity": "sha512-c2AKvDT8ToxLIOUlN51gTiHXflsfIFisS4pO7pDPoKouJCESkhZnEy623gwP9laCy5lnLDAw1vAzu2vM2YLOrA=="
    },
    "@types/ws@8.18.1": {
      "integrity": "sha512-ThVF6DCVhA8kUGy+aazFQ4kXQ7E1Ty7A3ypFOe0IcJV8O/M511G99AW24irKrW56Wt44yG9+ij8FaqoBGkuBXg==",
      "dependencies": [
        "@types/node"
      ]
    },
    "buffer-image-size@0.6.4": {
      "integrity": "sha512-nEh+kZOPY1w+gcCMobZ6ETUp9WfibndnosbpwB1iJk/8Gt5ZF2bhS6+B6bPYz424KtwsR6Rflc3tCz1/ghX2dQ==",
      "dependencies": [
        "@types/node"
      ]
    },
    "csstype@3.2.3": {
      "integrity": "sha512-z1HGKcYy2xA8AGQfwrn0PAy+PB7X/GSj3UVJW9qKyn43xWa+gl5nXmU4qqLMRzWVLFC8KusUX8T/0kCiOYpAIQ=="
    },
    "entities@7.0.1": {
      "integrity": "sha512-TWrgLOFUQTH994YUyl1yT4uyavY5nNB5muff+RtWaqNVCAK408b5ZnnbNAUEWLTCpum9w6arT70i1XdQ4UeOPA=="
    },
    "happy-dom@20.14.0": {
      "integrity": "sha512-4bRh1KzRvKDnFNTlLhzT1RZTpkKhQbQDl9j+7GXszWsvuspYdo29k6OHRf4PwiM6oLb8r/pMWeYiJjkfod5AvQ==",
      "dependencies": [
        "@types/node",
        "@types/whatwg-mimetype",
        "@types/ws",
        "buffer-image-size",
        "entities",
        "whatwg-mimetype",
        "ws"
      ]
    },
    "intl-messageformat@11.2.14": {
      "integrity": "sha512-9f2VD1HFuxUvMw0RxsaP8WmMns6JRTnsNB/zghTFrp11ZktiXWwVDeZBPQchBKEmo+Gx/ZhxI7Qht7YglFD4PA==",
      "dependencies": [
        "@formatjs/fast-memoize",
        "@formatjs/icu-messageformat-parser"
      ]
    },
    "markdown-to-jsx@9.10.2_react@19.2.8": {
      "integrity": "sha512-iR9GadlIox0q1uXnpqdxpF02Vb1WDmZ/QIXWjBR5htzjUEEhyIWbM65LuVKavdwJaVo4q95C/F2OOyNjWe91ig==",
      "dependencies": [
        "react"
      ],
      "optionalPeers": [
        "react"
      ]
    },
    "preact-render-to-string@6.7.0_preact@10.29.8": {
      "integrity": "sha512-Z4WR8fmLMRpdYqJ9i7vrlXSsSrxVJydwrkEXHapexfARbWfGb7vGcnvNQnIzN0cXciMVOlz/XLoiMCi9gUsy9Q==",
      "dependencies": [
        "preact"
      ]
    },
    "preact@10.29.8_preact-render-to-string@6.7.0": {
      "integrity": "sha512-ej2aVZ+vZ8WO7tvlQWRM9N63A0KzF9q4mWJfDUHgYaIofWY9hu74QdnQrjoPMmZi2/nZ5gN0bJCQF49xQqx09Q==",
      "dependencies": [
        "preact-render-to-string"
      ],
      "optionalPeers": [
        "preact-render-to-string"
      ]
    },
    "react-dom@19.2.8_react@19.2.8": {
      "integrity": "sha512-rVprimfGBG3DR+Tq0IQG2DT5PxKth1WIGDmj5yPmlzr4YBe7uyE+Du4oVqTDXZSHGGGXRtTJEGSSePyQCMBglQ==",
      "dependencies": [
        "react",
        "scheduler"
      ]
    },
    "react@19.2.8": {
      "integrity": "sha512-PWaYA1L/q9u2u7xYQi+Y3L3Yfnie7XyLeaJICV1MGD6LprsBxcAqGjYyr0eY3p+QdsA+x/Irkt4Qif8D63+Sbw=="
    },
    "scheduler@0.27.0": {
      "integrity": "sha512-eNv+WrVbKu1f3vbYJT/xtiF5syA5HPIMtf9IgY/nKg0sWqzAUEvqY/xm7OcZc/qafLx/iO9FgOmeSAp4v5ti/Q=="
    },
    "schema-dts@1.1.5": {
      "integrity": "sha512-RJr9EaCmsLzBX2NDiO5Z3ux2BVosNZN5jo0gWgsyKvxKIUL5R3swNvoorulAeL9kLB0iTSX7V6aokhla2m7xbg=="
    },
    "undici-types@8.3.0": {
      "integrity": "sha512-j375ScV60dom+YkPFIfTLcOiPxkN/buHz5GobjLhixFuANaNs3C9l4GmrWqejgXWJ7BbJcFYpTEUkS1Ge8bpZQ=="
    },
    "whatwg-mimetype@3.0.0": {
      "integrity": "sha512-nt+N2dzIutVRxARx1nghPKGv1xHikU7HKdfafKkLNLindmPU/ch3U31NOCGGA/dmPcmb1VlofO0vnKAcsm0o/Q=="
    },
    "ws@8.21.3": {
      "integrity": "sha512-201TZ/kPWxoPr/OKWjquZR1SWKXcvxdH+e1xrx89b3YbmzLMFCLfnaG1HFIgWzJOEWZ7MvpK++odZufgYR50Rw=="
    }
  },
  "workspace": {
    "dependencies": [
      "jsr:@std/assert@0.224",
      "jsr:@std/fmt@0.224",
      "jsr:@std/path@0.224",
      "jsr:@zanix/space@1",
      "jsr:@zanix/utils@^4.4.0",
      "npm:@formatjs/icu-messageformat-parser@^3.5.17",
      "npm:@formatjs/intl@^4.1.19",
      "npm:@types/react-dom@^19.2.0",
      "npm:@types/react@^19.2.0",
      "npm:happy-dom@^20.11.2",
      "npm:markdown-to-jsx@^9.10.2",
      "npm:preact-render-to-string@^6.5.0",
      "npm:preact@^10.29.0",
      "npm:react-dom@^19.2.0",
      "npm:react@^19.2.0",
      "npm:schema-dts@^1.1.5"
    ]
  }
}
